
Microsoft Visual Studio Solution File, Format Version 12.00
# Visual Studio Version 16
VisualStudioVersion = 16.0.30611.23
MinimumVisualStudioVersion = 10.0.40219.1
Project("{8BC9CEB8-8B4A-11D0-8D11-00A0C91BC942}") = "lab6.3_iter", "lab6.3_iter.vcxproj", "{30DC506F-53FA-453E-888E-3C3FDCE3A8BC}"
EndProject
Project("{8BC9CEB8-8B4A-11D0-8D11-00A0C91BC942}") = "UnitTest1", "UnitTest1\UnitTest1.vcxproj", "{50CAFB42-A863-4F30-80C5-6FCDEF0D5E70}"
EndProject
Global
	GlobalSection(SolutionConfigurationPlatforms) = preSolution
		Debug|x64 = Debug|x64
		Debug|x86 = Debug|x86
		Release|x64 = Release|x64
		Release|x86 = Release|x86
	EndGlobalSection
	GlobalSection(ProjectConfigurationPlatforms) = postSolution
		{30DC506F-53FA-453E-888E-3C3FDCE3A8BC}.Debug|x64.ActiveCfg = Debug|x64
		{30DC506F-53FA-453E-888E-3C3FDCE3A8BC}.Debug|x64.Build.0 = Debug|x64
		{30DC506F-53FA-453E-888E-3C3FDCE3A8BC}.Debug|x86.ActiveCfg = Debug|Win32
		{30DC506F-53FA-453E-888E-3C3FDCE3A8BC}.Debug|x86.Build.0 = Debug|Win32
		{30DC506F-53FA-453E-888E-3C3FDCE3A8BC}.Release|x64.ActiveCfg = Release|x64
		{30DC506F-53FA-453E-888E-3C3FDCE3A8BC}.Release|x64.Build.0 = Release|x64
		{30DC506F-53FA-453E-888E-3C3FDCE3A8BC}.Release|x86.ActiveCfg = Release|Win32
		{30DC506F-53FA-453E-888E-3C3FDCE3A8BC}.Release|x86.Build.0 = Release|Win32
		{50CAFB42-A863-4F30-80C5-6FCDEF0D5E70}.Debug|x64.ActiveCfg = Debug|x64
		{50CAFB42-A863-4F30-80C5-6FCDEF0D5E70}.Debug|x64.Build.0 = Debug|x64
		{50CAFB42-A863-4F30-80C5-6FCDEF0D5E70}.Debug|x86.ActiveCfg = Debug|Win32
		{50CAFB42-A863-4F30-80C5-6FCDEF0D5E70}.Debug|x86.Build.0 = Debug|Win32
		{50CAFB42-A863-4F30-80C5-6FCDEF0D5E70}.Release|x64.ActiveCfg = Release|x64
		{50CAFB42-A863-4F30-80C5-6FCDEF0D5E70}.Release|x64.Build.0 = Release|x64
		{50CAFB42-A863-4F30-80C5-6FCDEF0D5E70}.Release|x86.ActiveCfg = Release|Win32
		{50CAFB42-A863-4F30-80C5-6FCDEF0D5E70}.Release|x86.Build.0 = Release|Win32
	EndGlobalSection
	GlobalSection(SolutionProperties) = preSolution
		HideSolutionNode = FALSE
	EndGlobalSection
	GlobalSection(ExtensibilityGlobals) = postSolution
		SolutionGuid = {509632C7-E925-44C8-B356-E92DD805E6EA}
	EndGlobalSection
EndGlobal
